
Microsoft Visual Studio Solution File, Format Version 12.00
# Visual Studio Version 16
VisualStudioVersion = 16.0.30523.141
MinimumVisualStudioVersion = 10.0.40219.1
Project("{2150E333-8FDC-42A3-9474-1A3956D46DE8}") = "1. WPF", "1. WPF", "{93CFED7C-4E03-4BB7-B4E0-63DCF76438FC}"
EndProject
Project("{2150E333-8FDC-42A3-9474-1A3956D46DE8}") = "3. Common", "3. Common", "{B58F07F6-CC47-4CC1-BCC6-2675F57C9805}"
EndProject
Project("{2150E333-8FDC-42A3-9474-1A3956D46DE8}") = "4. DataAccessLayer", "4. DataAccessLayer", "{58F731A0-F2D4-4F8B-A4D3-68D5A887DE3F}"
EndProject
Project("{2150E333-8FDC-42A3-9474-1A3956D46DE8}") = "5. Test", "5. Test", "{70B26E11-0B86-49B3-95B0-2F4F1D08BDC5}"
EndProject
Project("{2150E333-8FDC-42A3-9474-1A3956D46DE8}") = "6. Dokumentation", "6. Dokumentation", "{DCC58EA3-9916-4E12-BE69-55B22F1B7A47}"
EndProject
Project("{9A19103F-16F7-4668-BE54-9A1E7A4F7556}") = "WPF", "WPF\WPF.csproj", "{B97A0A6E-3218-4074-92C6-93250209B8E2}"
EndProject
Project("{9A19103F-16F7-4668-BE54-9A1E7A4F7556}") = "Context", "Context\Context.csproj", "{3D870786-EA9B-4808-804B-1BB8E36F1769}"
EndProject
Project("{9A19103F-16F7-4668-BE54-9A1E7A4F7556}") = "UnitTest", "UnitTest\UnitTest.csproj", "{08409D6E-3831-41AD-A1F9-11E24A33C192}"
EndProject
Project("{9A19103F-16F7-4668-BE54-9A1E7A4F7556}") = "Dtos", "Dtos\Dtos.csproj", "{C920C21A-A656-4956-BAA6-BACDC8F50502}"
EndProject
Project("{2150E333-8FDC-42A3-9474-1A3956D46DE8}") = "2. Web", "2. Web", "{F34356F3-9605-4490-92AC-484698904D0E}"
EndProject
Project("{9A19103F-16F7-4668-BE54-9A1E7A4F7556}") = "ApiService", "ApiService\ApiService.csproj", "{429A2718-E1AB-4AB1-9AC9-D9947700E07A}"
EndProject
Project("{9A19103F-16F7-4668-BE54-9A1E7A4F7556}") = "SwaggerApi", "SwaggerApi\SwaggerApi.csproj", "{0670869F-6C31-4FC6-AAFB-794F86205A76}"
EndProject
Global
	GlobalSection(SolutionConfigurationPlatforms) = preSolution
		Debug|Any CPU = Debug|Any CPU
		Release|Any CPU = Release|Any CPU
	EndGlobalSection
	GlobalSection(ProjectConfigurationPlatforms) = postSolution
		{B97A0A6E-3218-4074-92C6-93250209B8E2}.Debug|Any CPU.ActiveCfg = Debug|Any CPU
		{B97A0A6E-3218-4074-92C6-93250209B8E2}.Debug|Any CPU.Build.0 = Debug|Any CPU
		{B97A0A6E-3218-4074-92C6-93250209B8E2}.Release|Any CPU.ActiveCfg = Release|Any CPU
		{B97A0A6E-3218-4074-92C6-93250209B8E2}.Release|Any CPU.Build.0 = Release|Any CPU
		{3D870786-EA9B-4808-804B-1BB8E36F1769}.Debug|Any CPU.ActiveCfg = Debug|Any CPU
		{3D870786-EA9B-4808-804B-1BB8E36F1769}.Debug|Any CPU.Build.0 = Debug|Any CPU
		{3D870786-EA9B-4808-804B-1BB8E36F1769}.Release|Any CPU.ActiveCfg = Release|Any CPU
		{3D870786-EA9B-4808-804B-1BB8E36F1769}.Release|Any CPU.Build.0 = Release|Any CPU
		{08409D6E-3831-41AD-A1F9-11E24A33C192}.Debug|Any CPU.ActiveCfg = Debug|Any CPU
		{08409D6E-3831-41AD-A1F9-11E24A33C192}.Debug|Any CPU.Build.0 = Debug|Any CPU
		{08409D6E-3831-41AD-A1F9-11E24A33C192}.Release|Any CPU.ActiveCfg = Release|Any CPU
		{08409D6E-3831-41AD-A1F9-11E24A33C192}.Release|Any CPU.Build.0 = Release|Any CPU
		{C920C21A-A656-4956-BAA6-BACDC8F50502}.Debug|Any CPU.ActiveCfg = Debug|Any CPU
		{C920C21A-A656-4956-BAA6-BACDC8F50502}.Debug|Any CPU.Build.0 = Debug|Any CPU
		{C920C21A-A656-4956-BAA6-BACDC8F50502}.Release|Any CPU.ActiveCfg = Release|Any CPU
		{C920C21A-A656-4956-BAA6-BACDC8F50502}.Release|Any CPU.Build.0 = Release|Any CPU
		{429A2718-E1AB-4AB1-9AC9-D9947700E07A}.Debug|Any CPU.ActiveCfg = Debug|Any CPU
		{429A2718-E1AB-4AB1-9AC9-D9947700E07A}.Debug|Any CPU.Build.0 = Debug|Any CPU
		{429A2718-E1AB-4AB1-9AC9-D9947700E07A}.Release|Any CPU.ActiveCfg = Release|Any CPU
		{429A2718-E1AB-4AB1-9AC9-D9947700E07A}.Release|Any CPU.Build.0 = Release|Any CPU
		{0670869F-6C31-4FC6-AAFB-794F86205A76}.Debug|Any CPU.ActiveCfg = Debug|Any CPU
		{0670869F-6C31-4FC6-AAFB-794F86205A76}.Debug|Any CPU.Build.0 = Debug|Any CPU
		{0670869F-6C31-4FC6-AAFB-794F86205A76}.Release|Any CPU.ActiveCfg = Release|Any CPU
		{0670869F-6C31-4FC6-AAFB-794F86205A76}.Release|Any CPU.Build.0 = Release|Any CPU
	EndGlobalSection
	GlobalSection(SolutionProperties) = preSolution
		HideSolutionNode = FALSE
	EndGlobalSection
	GlobalSection(NestedProjects) = preSolution
		{B97A0A6E-3218-4074-92C6-93250209B8E2} = {93CFED7C-4E03-4BB7-B4E0-63DCF76438FC}
		{3D870786-EA9B-4808-804B-1BB8E36F1769} = {58F731A0-F2D4-4F8B-A4D3-68D5A887DE3F}
		{08409D6E-3831-41AD-A1F9-11E24A33C192} = {70B26E11-0B86-49B3-95B0-2F4F1D08BDC5}
		{C920C21A-A656-4956-BAA6-BACDC8F50502} = {B58F07F6-CC47-4CC1-BCC6-2675F57C9805}
		{429A2718-E1AB-4AB1-9AC9-D9947700E07A} = {F34356F3-9605-4490-92AC-484698904D0E}
		{0670869F-6C31-4FC6-AAFB-794F86205A76} = {F34356F3-9605-4490-92AC-484698904D0E}
	EndGlobalSection
	GlobalSection(ExtensibilityGlobals) = postSolution
		SolutionGuid = {09B2D3E5-3843-4F38-8FE1-D629093833C7}
	EndGlobalSection
EndGlobal
